
Microsoft Visual Studio Solution File, Format Version 12.00
# Visual Studio Version 17
VisualStudioVersion = 17.11.35222.181
MinimumVisualStudioVersion = 10.0.40219.1
Project("{9A19103F-16F7-4668-BE54-9A1E7A4F7556}") = "UserAPI.Services", "UserAPI.Services\UserAPI.Services.csproj", "{210AA5D3-927D-40F6-9CFB-A2B44BB4AB29}"
EndProject
Project("{2150E333-8FDC-42A3-9474-1A3956D46DE8}") = "API", "API", "{FF83CB07-BD1F-4577-B7EC-A45A5BD18FBD}"
EndProject
Project("{2150E333-8FDC-42A3-9474-1A3956D46DE8}") = "DDD", "DDD", "{92960C39-6C26-4A27-93DD-CB9A0E7FCF4B}"
EndProject
Project("{2150E333-8FDC-42A3-9474-1A3956D46DE8}") = "TESTS", "TESTS", "{882329F4-6388-4115-82DC-5E4D423748AD}"
EndProject
Project("{2150E333-8FDC-42A3-9474-1A3956D46DE8}") = "Application", "Application", "{DB61D7EA-A3BF-4925-A364-F4AC4CE819DD}"
EndProject
Project("{2150E333-8FDC-42A3-9474-1A3956D46DE8}") = "Domain", "Domain", "{CC520C20-45DB-4FC3-A70E-23C0BC4203FF}"
EndProject
Project("{2150E333-8FDC-42A3-9474-1A3956D46DE8}") = "Infrastructure", "Infrastructure", "{EC4D7B45-E9BF-409A-9B04-2E54ECE94596}"
EndProject
Project("{9A19103F-16F7-4668-BE54-9A1E7A4F7556}") = "UserAPI.Test", "UserAPI.Test\UserAPI.Test.csproj", "{84A93352-D06E-423C-BA4B-CFB567F5BD2B}"
EndProject
Project("{9A19103F-16F7-4668-BE54-9A1E7A4F7556}") = "UserAPI.Domain", "UserAPI.Domain\UserAPI.Domain.csproj", "{5C8755E6-A2A8-4396-8AC1-9180FF174D60}"
EndProject
Project("{9A19103F-16F7-4668-BE54-9A1E7A4F7556}") = "UserAPI.Application", "UserAPI.Application\UserAPI.Application.csproj", "{884FE747-A35E-4605-8514-4F5130A56014}"
EndProject
Project("{9A19103F-16F7-4668-BE54-9A1E7A4F7556}") = "UserAPI.Infra", "UserAPI.Infra\UserAPI.Infra.csproj", "{8C60138D-F6E1-4070-8AC0-49F88996FC83}"
EndProject
Project("{FAE04EC0-301F-11D3-BF4B-00C04F79EFBC}") = "UserAPI.Infrastructure.Messages", "UserAPI.Infrastructure.Messages\UserAPI.Infrastructure.Messages.csproj", "{20AEFAFD-B76C-4F80-A6F5-43EF676EBBDB}"
EndProject
Global
	GlobalSection(SolutionConfigurationPlatforms) = preSolution
		Debug|Any CPU = Debug|Any CPU
		Release|Any CPU = Release|Any CPU
	EndGlobalSection
	GlobalSection(ProjectConfigurationPlatforms) = postSolution
		{210AA5D3-927D-40F6-9CFB-A2B44BB4AB29}.Debug|Any CPU.ActiveCfg = Debug|Any CPU
		{210AA5D3-927D-40F6-9CFB-A2B44BB4AB29}.Debug|Any CPU.Build.0 = Debug|Any CPU
		{210AA5D3-927D-40F6-9CFB-A2B44BB4AB29}.Release|Any CPU.ActiveCfg = Release|Any CPU
		{210AA5D3-927D-40F6-9CFB-A2B44BB4AB29}.Release|Any CPU.Build.0 = Release|Any CPU
		{84A93352-D06E-423C-BA4B-CFB567F5BD2B}.Debug|Any CPU.ActiveCfg = Debug|Any CPU
		{84A93352-D06E-423C-BA4B-CFB567F5BD2B}.Debug|Any CPU.Build.0 = Debug|Any CPU
		{84A93352-D06E-423C-BA4B-CFB567F5BD2B}.Release|Any CPU.ActiveCfg = Release|Any CPU
		{84A93352-D06E-423C-BA4B-CFB567F5BD2B}.Release|Any CPU.Build.0 = Release|Any CPU
		{5C8755E6-A2A8-4396-8AC1-9180FF174D60}.Debug|Any CPU.ActiveCfg = Debug|Any CPU
		{5C8755E6-A2A8-4396-8AC1-9180FF174D60}.Debug|Any CPU.Build.0 = Debug|Any CPU
		{5C8755E6-A2A8-4396-8AC1-9180FF174D60}.Release|Any CPU.ActiveCfg = Release|Any CPU
		{5C8755E6-A2A8-4396-8AC1-9180FF174D60}.Release|Any CPU.Build.0 = Release|Any CPU
		{884FE747-A35E-4605-8514-4F5130A56014}.Debug|Any CPU.ActiveCfg = Debug|Any CPU
		{884FE747-A35E-4605-8514-4F5130A56014}.Debug|Any CPU.Build.0 = Debug|Any CPU
		{884FE747-A35E-4605-8514-4F5130A56014}.Release|Any CPU.ActiveCfg = Release|Any CPU
		{884FE747-A35E-4605-8514-4F5130A56014}.Release|Any CPU.Build.0 = Release|Any CPU
		{8C60138D-F6E1-4070-8AC0-49F88996FC83}.Debug|Any CPU.ActiveCfg = Debug|Any CPU
		{8C60138D-F6E1-4070-8AC0-49F88996FC83}.Debug|Any CPU.Build.0 = Debug|Any CPU
		{8C60138D-F6E1-4070-8AC0-49F88996FC83}.Release|Any CPU.ActiveCfg = Release|Any CPU
		{8C60138D-F6E1-4070-8AC0-49F88996FC83}.Release|Any CPU.Build.0 = Release|Any CPU
		{20AEFAFD-B76C-4F80-A6F5-43EF676EBBDB}.Debug|Any CPU.ActiveCfg = Debug|Any CPU
		{20AEFAFD-B76C-4F80-A6F5-43EF676EBBDB}.Debug|Any CPU.Build.0 = Debug|Any CPU
		{20AEFAFD-B76C-4F80-A6F5-43EF676EBBDB}.Release|Any CPU.ActiveCfg = Release|Any CPU
		{20AEFAFD-B76C-4F80-A6F5-43EF676EBBDB}.Release|Any CPU.Build.0 = Release|Any CPU
	EndGlobalSection
	GlobalSection(SolutionProperties) = preSolution
		HideSolutionNode = FALSE
	EndGlobalSection
	GlobalSection(NestedProjects) = preSolution
		{210AA5D3-927D-40F6-9CFB-A2B44BB4AB29} = {FF83CB07-BD1F-4577-B7EC-A45A5BD18FBD}
		{DB61D7EA-A3BF-4925-A364-F4AC4CE819DD} = {92960C39-6C26-4A27-93DD-CB9A0E7FCF4B}
		{CC520C20-45DB-4FC3-A70E-23C0BC4203FF} = {92960C39-6C26-4A27-93DD-CB9A0E7FCF4B}
		{EC4D7B45-E9BF-409A-9B04-2E54ECE94596} = {92960C39-6C26-4A27-93DD-CB9A0E7FCF4B}
		{84A93352-D06E-423C-BA4B-CFB567F5BD2B} = {882329F4-6388-4115-82DC-5E4D423748AD}
		{5C8755E6-A2A8-4396-8AC1-9180FF174D60} = {CC520C20-45DB-4FC3-A70E-23C0BC4203FF}
		{884FE747-A35E-4605-8514-4F5130A56014} = {DB61D7EA-A3BF-4925-A364-F4AC4CE819DD}
		{8C60138D-F6E1-4070-8AC0-49F88996FC83} = {EC4D7B45-E9BF-409A-9B04-2E54ECE94596}
		{20AEFAFD-B76C-4F80-A6F5-43EF676EBBDB} = {EC4D7B45-E9BF-409A-9B04-2E54ECE94596}
	EndGlobalSection
	GlobalSection(ExtensibilityGlobals) = postSolution
		SolutionGuid = {B21ADCCE-A68B-473E-8553-5BBAA5170072}
	EndGlobalSection
EndGlobal
